
Microsoft Visual Studio Solution File, Format Version 12.00
# Visual Studio 15
VisualStudioVersion = 15.0.28307.106
MinimumVisualStudioVersion = 10.0.40219.1
Project("{FAE04EC0-301F-11D3-BF4B-00C04F79EFBC}") = "ClassePortfolio", "ClassePortfolio\ClassePortfolio.csproj", "{375AF707-ADB9-4A95-8B28-D06E86C4EFDE}"
EndProject
Global
	GlobalSection(SolutionConfigurationPlatforms) = preSolution
		Debug|Any CPU = Debug|Any CPU
		Release|Any CPU = Release|Any CPU
	EndGlobalSection
	GlobalSection(ProjectConfigurationPlatforms) = postSolution
		{375AF707-ADB9-4A95-8B28-D06E86C4EFDE}.Debug|Any CPU.ActiveCfg = Debug|Any CPU
		{375AF707-ADB9-4A95-8B28-D06E86C4EFDE}.Debug|Any CPU.Build.0 = Debug|Any CPU
		{375AF707-ADB9-4A95-8B28-D06E86C4EFDE}.Release|Any CPU.ActiveCfg = Release|Any CPU
		{375AF707-ADB9-4A95-8B28-D06E86C4EFDE}.Release|Any CPU.Build.0 = Release|Any CPU
	EndGlobalSection
	GlobalSection(SolutionProperties) = preSolution
		HideSolutionNode = FALSE
	EndGlobalSection
	GlobalSection(ExtensibilityGlobals) = postSolution
		SolutionGuid = {BED9F335-25A3-4FBD-8614-389A00917A90}
	EndGlobalSection
EndGlobal
